// !$*UTF8*$!
{
	archiveVersion = 1;
	classes = {
	};
	objectVersion = 48;
	objects = {

/* Begin PBXBuildFile section */
		438FDFDF203DA5C900F8D1EF /* AppDelegate.swift in Sources */ = {isa = PBXBuildFile; fileRef = 438FDFDE203DA5C900F8D1EF /* AppDelegate.swift */; };
		438FDFE1203DA5C900F8D1EF /* ViewController.swift in Sources */ = {isa = PBXBuildFile; fileRef = 438FDFE0203DA5C900F8D1EF /* ViewController.swift */; };
		438FDFE6203DA5C900F8D1EF /* Assets.xcassets in Resources */ = {isa = PBXBuildFile; fileRef = 438FDFE5203DA5C900F8D1EF /* Assets.xcassets */; };
		438FDFE9203DA5C900F8D1EF /* LaunchScreen.storyboard in Resources */ = {isa = PBXBuildFile; fileRef = 438FDFE7203DA5C900F8D1EF /* LaunchScreen.storyboard */; };
		438FDFF1203DAA9600F8D1EF /* AnimationPrinciples.swift in Sources */ = {isa = PBXBuildFile; fileRef = 438FDFF0203DAA9600F8D1EF /* AnimationPrinciples.swift */; };
		438FDFF3203DAE6300F8D1EF /* Animation.swift in Sources */ = {isa = PBXBuildFile; fileRef = 438FDFF2203DAE6300F8D1EF /* Animation.swift */; };
		438FDFF8203E56C900F8D1EF /* EasingAction.swift in Sources */ = {isa = PBXBuildFile; fileRef = 438FDFF7203E56C900F8D1EF /* EasingAction.swift */; };
		438FDFFA203E62FF00F8D1EF /* Action.swift in Sources */ = {isa = PBXBuildFile; fileRef = 438FDFF9203E62FF00F8D1EF /* Action.swift */; };
		438FDFFD203EBF7600F8D1EF /* Main.storyboard in Resources */ = {isa = PBXBuildFile; fileRef = 438FDFFB203EBF7600F8D1EF /* Main.storyboard */; };
		438FDFFF203EC1E800F8D1EF /* OffsetAndDelayAction.swift in Sources */ = {isa = PBXBuildFile; fileRef = 438FDFFE203EC1E800F8D1EF /* OffsetAndDelayAction.swift */; };
		438FE001203F193D00F8D1EF /* ParentingAction.swift in Sources */ = {isa = PBXBuildFile; fileRef = 438FE000203F193D00F8D1EF /* ParentingAction.swift */; };
		438FE003203FBAC900F8D1EF /* TransformationAction.swift in Sources */ = {isa = PBXBuildFile; fileRef = 438FE002203FBAC900F8D1EF /* TransformationAction.swift */; };
		438FE005203FC01A00F8D1EF /* ValueChangeAction.swift in Sources */ = {isa = PBXBuildFile; fileRef = 438FE004203FC01A00F8D1EF /* ValueChangeAction.swift */; };
		438FE00720403CDF00F8D1EF /* MaskingAction.swift in Sources */ = {isa = PBXBuildFile; fileRef = 438FE00620403CDF00F8D1EF /* MaskingAction.swift */; };
/* End PBXBuildFile section */

/* Begin PBXFileReference section */
		438FDFDB203DA5C900F8D1EF /* AnimationPrincipleDemo.app */ = {isa = PBXFileReference; explicitFileType = wrapper.application; includeInIndex = 0; path = AnimationPrincipleDemo.app; sourceTree = BUILT_PRODUCTS_DIR; };
		438FDFDE203DA5C900F8D1EF /* AppDelegate.swift */ = {isa = PBXFileReference; lastKnownFileType = sourcecode.swift; path = AppDelegate.swift; sourceTree = "<group>"; };
		438FDFE0203DA5C900F8D1EF /* ViewController.swift */ = {isa = PBXFileReference; lastKnownFileType = sourcecode.swift; path = ViewController.swift; sourceTree = "<group>"; };
		438FDFE5203DA5C900F8D1EF /* Assets.xcassets */ = {isa = PBXFileReference; lastKnownFileType = folder.assetcatalog; path = Assets.xcassets; sourceTree = "<group>"; };
		438FDFE8203DA5C900F8D1EF /* Base */ = {isa = PBXFileReference; lastKnownFileType = file.storyboard; name = Base; path = Base.lproj/LaunchScreen.storyboard; sourceTree = "<group>"; };
		438FDFEA203DA5C900F8D1EF /* Info.plist */ = {isa = PBXFileReference; lastKnownFileType = text.plist.xml; path = Info.plist; sourceTree = "<group>"; };
		438FDFF0203DAA9600F8D1EF /* AnimationPrinciples.swift */ = {isa = PBXFileReference; lastKnownFileType = sourcecode.swift; path = AnimationPrinciples.swift; sourceTree = "<group>"; };
		438FDFF2203DAE6300F8D1EF /* Animation.swift */ = {isa = PBXFileReference; lastKnownFileType = sourcecode.swift; path = Animation.swift; sourceTree = "<group>"; };
		438FDFF7203E56C900F8D1EF /* EasingAction.swift */ = {isa = PBXFileReference; lastKnownFileType = sourcecode.swift; path = EasingAction.swift; sourceTree = "<group>"; };
		438FDFF9203E62FF00F8D1EF /* Action.swift */ = {isa = PBXFileReference; lastKnownFileType = sourcecode.swift; path = Action.swift; sourceTree = "<group>"; };
		438FDFFC203EBF7600F8D1EF /* Base */ = {isa = PBXFileReference; lastKnownFileType = file.storyboard; name = Base; path = AnimationPrincipleDemo/Base.lproj/Main.storyboard; sourceTree = SOURCE_ROOT; };
		438FDFFE203EC1E800F8D1EF /* OffsetAndDelayAction.swift */ = {isa = PBXFileReference; lastKnownFileType = sourcecode.swift; path = OffsetAndDelayAction.swift; sourceTree = "<group>"; };
		438FE000203F193D00F8D1EF /* ParentingAction.swift */ = {isa = PBXFileReference; lastKnownFileType = sourcecode.swift; path = ParentingAction.swift; sourceTree = "<group>"; };
		438FE002203FBAC900F8D1EF /* TransformationAction.swift */ = {isa = PBXFileReference; lastKnownFileType = sourcecode.swift; path = TransformationAction.swift; sourceTree = "<group>"; };
		438FE004203FC01A00F8D1EF /* ValueChangeAction.swift */ = {isa = PBXFileReference; lastKnownFileType = sourcecode.swift; path = ValueChangeAction.swift; sourceTree = "<group>"; };
		438FE00620403CDF00F8D1EF /* MaskingAction.swift */ = {isa = PBXFileReference; lastKnownFileType = sourcecode.swift; path = MaskingAction.swift; sourceTree = "<group>"; };
/* End PBXFileReference section */

/* Begin PBXFrameworksBuildPhase section */
		438FDFD8203DA5C900F8D1EF /* Frameworks */ = {
			isa = PBXFrameworksBuildPhase;
			buildActionMask = 2147483647;
			files = (
			);
			runOnlyForDeploymentPostprocessing = 0;
		};
/* End PBXFrameworksBuildPhase section */

/* Begin PBXGroup section */
		438FDFD2203DA5C900F8D1EF = {
			isa = PBXGroup;
			children = (
				438FDFDD203DA5C900F8D1EF /* AnimationPrincipleDemo */,
				438FDFDC203DA5C900F8D1EF /* Products */,
			);
			sourceTree = "<group>";
		};
		438FDFDC203DA5C900F8D1EF /* Products */ = {
			isa = PBXGroup;
			children = (
				438FDFDB203DA5C900F8D1EF /* AnimationPrincipleDemo.app */,
			);
			name = Products;
			sourceTree = "<group>";
		};
		438FDFDD203DA5C900F8D1EF /* AnimationPrincipleDemo */ = {
			isa = PBXGroup;
			children = (
				438FDFDE203DA5C900F8D1EF /* AppDelegate.swift */,
				438FDFE0203DA5C900F8D1EF /* ViewController.swift */,
				438FDFF2203DAE6300F8D1EF /* Animation.swift */,
				438FDFF0203DAA9600F8D1EF /* AnimationPrinciples.swift */,
				438FDFF6203E569C00F8D1EF /* Animations */,
				438FDFE5203DA5C900F8D1EF /* Assets.xcassets */,
				438FDFE7203DA5C900F8D1EF /* LaunchScreen.storyboard */,
				438FDFEA203DA5C900F8D1EF /* Info.plist */,
			);
			path = AnimationPrincipleDemo;
			sourceTree = "<group>";
		};
		438FDFF6203E569C00F8D1EF /* Animations */ = {
			isa = PBXGroup;
			children = (
				438FDFF9203E62FF00F8D1EF /* Action.swift */,
				438FDFF7203E56C900F8D1EF /* EasingAction.swift */,
				438FDFFE203EC1E800F8D1EF /* OffsetAndDelayAction.swift */,
				438FE000203F193D00F8D1EF /* ParentingAction.swift */,
				438FE002203FBAC900F8D1EF /* TransformationAction.swift */,
				438FE004203FC01A00F8D1EF /* ValueChangeAction.swift */,
				438FE00620403CDF00F8D1EF /* MaskingAction.swift */,
				438FDFFB203EBF7600F8D1EF /* Main.storyboard */,
			);
			path = Animations;
			sourceTree = "<group>";
		};
/* End PBXGroup section */

/* Begin PBXNativeTarget section */
		438FDFDA203DA5C900F8D1EF /* AnimationPrincipleDemo */ = {
			isa = PBXNativeTarget;
			buildConfigurationList = 438FDFED203DA5C900F8D1EF /* Build configuration list for PBXNativeTarget "AnimationPrincipleDemo" */;
			buildPhases = (
				438FDFD7203DA5C900F8D1EF /* Sources */,
				438FDFD8203DA5C900F8D1EF /* Frameworks */,
				438FDFD9203DA5C900F8D1EF /* Resources */,
			);
			buildRules = (
			);
			dependencies = (
			);
			name = AnimationPrincipleDemo;
			productName = AnimationPrincipleDemo;
			productReference = 438FDFDB203DA5C900F8D1EF /* AnimationPrincipleDemo.app */;
			productType = "com.apple.product-type.application";
		};
/* End PBXNativeTarget section */

/* Begin PBXProject section */
		438FDFD3203DA5C900F8D1EF /* Project object */ = {
			isa = PBXProject;
			attributes = {
				LastSwiftUpdateCheck = 0920;
				LastUpgradeCheck = 0920;
				ORGANIZATIONNAME = "Hsin-Yu Tang";
				TargetAttributes = {
					438FDFDA203DA5C900F8D1EF = {
						CreatedOnToolsVersion = 9.2;
						ProvisioningStyle = Automatic;
					};
				};
			};
			buildConfigurationList = 438FDFD6203DA5C900F8D1EF /* Build configuration list for PBXProject "AnimationPrincipleDemo" */;
			compatibilityVersion = "Xcode 8.0";
			developmentRegion = en;
			hasScannedForEncodings = 0;
			knownRegions = (
				en,
				Base,
			);
			mainGroup = 438FDFD2203DA5C900F8D1EF;
			productRefGroup = 438FDFDC203DA5C900F8D1EF /* Products */;
			projectDirPath = "";
			projectRoot = "";
			targets = (
				438FDFDA203DA5C900F8D1EF /* AnimationPrincipleDemo */,
			);
		};
/* End PBXProject section */

/* Begin PBXResourcesBuildPhase section */
		438FDFD9203DA5C900F8D1EF /* Resources */ = {
			isa = PBXResourcesBuildPhase;
			buildActionMask = 2147483647;
			files = (
				438FDFFD203EBF7600F8D1EF /* Main.storyboard in Resources */,
				438FDFE9203DA5C900F8D1EF /* LaunchScreen.storyboard in Resources */,
				438FDFE6203DA5C900F8D1EF /* Assets.xcassets in Resources */,
			);
			runOnlyForDeploymentPostprocessing = 0;
		};
/* End PBXResourcesBuildPhase section */

/* Begin PBXSourcesBuildPhase section */
		438FDFD7203DA5C900F8D1EF /* Sources */ = {
			isa = PBXSourcesBuildPhase;
			buildActionMask = 2147483647;
			files = (
				438FE003203FBAC900F8D1EF /* TransformationAction.swift in Sources */,
				438FDFE1203DA5C900F8D1EF /* ViewController.swift in Sources */,
				438FDFFF203EC1E800F8D1EF /* OffsetAndDelayAction.swift in Sources */,
				438FDFF1203DAA9600F8D1EF /* AnimationPrinciples.swift in Sources */,
				438FDFF3203DAE6300F8D1EF /* Animation.swift in Sources */,
				438FDFFA203E62FF00F8D1EF /* Action.swift in Sources */,
				438FDFDF203DA5C900F8D1EF /* AppDelegate.swift in Sources */,
				438FE001203F193D00F8D1EF /* ParentingAction.swift in Sources */,
				438FE00720403CDF00F8D1EF /* MaskingAction.swift in Sources */,
				438FDFF8203E56C900F8D1EF /* EasingAction.swift in Sources */,
				438FE005203FC01A00F8D1EF /* ValueChangeAction.swift in Sources */,
			);
			runOnlyForDeploymentPostprocessing = 0;
		};
/* End PBXSourcesBuildPhase section */

/* Begin PBXVariantGroup section */
		438FDFE7203DA5C900F8D1EF /* LaunchScreen.storyboard */ = {
			isa = PBXVariantGroup;
			children = (
				438FDFE8203DA5C900F8D1EF /* Base */,
			);
			name = LaunchScreen.storyboard;
			sourceTree = "<group>";
		};
		438FDFFB203EBF7600F8D1EF /* Main.storyboard */ = {
			isa = PBXVariantGroup;
			children = (
				438FDFFC203EBF7600F8D1EF /* Base */,
			);
			name = Main.storyboard;
			sourceTree = "<group>";
		};
/* End PBXVariantGroup section */

/* Begin XCBuildConfiguration section */
		438FDFEB203DA5C900F8D1EF /* Debug */ = {
			isa = XCBuildConfiguration;
			buildSettings = {
				ALWAYS_SEARCH_USER_PATHS = NO;
				CLANG_ANALYZER_NONNULL = YES;
				CLANG_ANALYZER_NUMBER_OBJECT_CONVERSION = YES_AGGRESSIVE;
				CLANG_CXX_LANGUAGE_STANDARD = "gnu++14";
				CLANG_CXX_LIBRARY = "libc++";
				CLANG_ENABLE_MODULES = YES;
				CLANG_ENABLE_OBJC_ARC = YES;
				CLANG_WARN_BLOCK_CAPTURE_AUTORELEASING = YES;
				CLANG_WARN_BOOL_CONVERSION = YES;
				CLANG_WARN_COMMA = YES;
				CLANG_WARN_CONSTANT_CONVERSION = YES;
				CLANG_WARN_DIRECT_OBJC_ISA_USAGE = YES_ERROR;
				CLANG_WARN_DOCUMENTATION_COMMENTS = YES;
				CLANG_WARN_EMPTY_BODY = YES;
				CLANG_WARN_ENUM_CONVERSION = YES;
				CLANG_WARN_INFINITE_RECURSION = YES;
				CLANG_WARN_INT_CONVERSION = YES;
				CLANG_WARN_NON_LITERAL_NULL_CONVERSION = YES;
				CLANG_WARN_OBJC_LITERAL_CONVERSION = YES;
				CLANG_WARN_OBJC_ROOT_CLASS = YES_ERROR;
				CLANG_WARN_RANGE_LOOP_ANALYSIS = YES;
				CLANG_WARN_STRICT_PROTOTYPES = YES;
				CLANG_WARN_SUSPICIOUS_MOVE = YES;
				CLANG_WARN_UNGUARDED_AVAILABILITY = YES_AGGRESSIVE;
				CLANG_WARN_UNREACHABLE_CODE = YES;
				CLANG_WARN__DUPLICATE_METHOD_MATCH = YES;
				CODE_SIGN_IDENTITY = "iPhone Developer";
				COPY_PHASE_STRIP = NO;
				DEBUG_INFORMATION_FORMAT = dwarf;
				ENABLE_STRICT_OBJC_MSGSEND = YES;
				ENABLE_TESTABILITY = YES;
				GCC_C_LANGUAGE_STANDARD = gnu11;
				GCC_DYNAMIC_NO_PIC = NO;
				GCC_NO_COMMON_BLOCKS = YES;
				GCC_OPTIMIZATION_LEVEL = 0;
				GCC_PREPROCESSOR_DEFINITIONS = (
					"DEBUG=1",
					"$(inherited)",
				);
				GCC_WARN_64_TO_32_BIT_CONVERSION = YES;
				GCC_WARN_ABOUT_RETURN_TYPE = YES_ERROR;
				GCC_WARN_UNDECLARED_SELECTOR = YES;
				GCC_WARN_UNINITIALIZED_AUTOS = YES_AGGRESSIVE;
				GCC_WARN_UNUSED_FUNCTION = YES;
				GCC_WARN_UNUSED_VARIABLE = YES;
				IPHONEOS_DEPLOYMENT_TARGET = 11.2;
				MTL_ENABLE_DEBUG_INFO = YES;
				ONLY_ACTIVE_ARCH = YES;
				SDKROOT = iphoneos;
				SWIFT_ACTIVE_COMPILATION_CONDITIONS = DEBUG;
				SWIFT_OPTIMIZATION_LEVEL = "-Onone";
			};
			name = Debug;
		};
		438FDFEC203DA5C900F8D1EF /* Release */ = {
			isa = XCBuildConfiguration;
			buildSettings = {
				ALWAYS_SEARCH_USER_PATHS = NO;
				CLANG_ANALYZER_NONNULL = YES;
				CLANG_ANALYZER_NUMBER_OBJECT_CONVERSION = YES_AGGRESSIVE;
				CLANG_CXX_LANGUAGE_STANDARD = "gnu++14";
				CLANG_CXX_LIBRARY = "libc++";
				CLANG_ENABLE_MODULES = YES;
				CLANG_ENABLE_OBJC_ARC = YES;
				CLANG_WARN_BLOCK_CAPTURE_AUTORELEASING = YES;
				CLANG_WARN_BOOL_CONVERSION = YES;
				CLANG_WARN_COMMA = YES;
				CLANG_WARN_CONSTANT_CONVERSION = YES;
				CLANG_WARN_DIRECT_OBJC_ISA_USAGE = YES_ERROR;
				CLANG_WARN_DOCUMENTATION_COMMENTS = YES;
				CLANG_WARN_EMPTY_BODY = YES;
				CLANG_WARN_ENUM_CONVERSION = YES;
				CLANG_WARN_INFINITE_RECURSION = YES;
				CLANG_WARN_INT_CONVERSION = YES;
				CLANG_WARN_NON_LITERAL_NULL_CONVERSION = YES;
				CLANG_WARN_OBJC_LITERAL_CONVERSION = YES;
				CLANG_WARN_OBJC_ROOT_CLASS = YES_ERROR;
				CLANG_WARN_RANGE_LOOP_ANALYSIS = YES;
				CLANG_WARN_STRICT_PROTOTYPES = YES;
				CLANG_WARN_SUSPICIOUS_MOVE = YES;
				CLANG_WARN_UNGUARDED_AVAILABILITY = YES_AGGRESSIVE;
				CLANG_WARN_UNREACHABLE_CODE = YES;
				CLANG_WARN__DUPLICATE_METHOD_MATCH = YES;
				CODE_SIGN_IDENTITY = "iPhone Developer";
				COPY_PHASE_STRIP = NO;
				DEBUG_INFORMATION_FORMAT = "dwarf-with-dsym";
				ENABLE_NS_ASSERTIONS = NO;
				ENABLE_STRICT_OBJC_MSGSEND = YES;
				GCC_C_LANGUAGE_STANDARD = gnu11;
				GCC_NO_COMMON_BLOCKS = YES;
				GCC_WARN_64_TO_32_BIT_CONVERSION = YES;
				GCC_WARN_ABOUT_RETURN_TYPE = YES_ERROR;
				GCC_WARN_UNDECLARED_SELECTOR = YES;
				GCC_WARN_UNINITIALIZED_AUTOS = YES_AGGRESSIVE;
				GCC_WARN_UNUSED_FUNCTION = YES;
				GCC_WARN_UNUSED_VARIABLE = YES;
				IPHONEOS_DEPLOYMENT_TARGET = 11.2;
				MTL_ENABLE_DEBUG_INFO = NO;
				SDKROOT = iphoneos;
				SWIFT_OPTIMIZATION_LEVEL = "-Owholemodule";
				VALIDATE_PRODUCT = YES;
			};
			name = Release;
		};
		438FDFEE203DA5C900F8D1EF /* Debug */ = {
			isa = XCBuildConfiguration;
			buildSettings = {
				ASSETCATALOG_COMPILER_APPICON_NAME = AppIcon;
				CODE_SIGN_STYLE = Automatic;
				DEVELOPMENT_TEAM = ABW6V45P3T;
				INFOPLIST_FILE = AnimationPrincipleDemo/Info.plist;
				LD_RUNPATH_SEARCH_PATHS = "$(inherited) @executable_path/Frameworks";
				PRODUCT_BUNDLE_IDENTIFIER = com.hsinyutang.AnimationPrincipleDemo;
				PRODUCT_NAME = "$(TARGET_NAME)";
				SWIFT_VERSION = 4.0;
				TARGETED_DEVICE_FAMILY = "1,2";
			};
			name = Debug;
		};
		438FDFEF203DA5C900F8D1EF /* Release */ = {
			isa = XCBuildConfiguration;
			buildSettings = {
				ASSETCATALOG_COMPILER_APPICON_NAME = AppIcon;
				CODE_SIGN_STYLE = Automatic;
				DEVELOPMENT_TEAM = ABW6V45P3T;
				INFOPLIST_FILE = AnimationPrincipleDemo/Info.plist;
				LD_RUNPATH_SEARCH_PATHS = "$(inherited) @executable_path/Frameworks";
				PRODUCT_BUNDLE_IDENTIFIER = com.hsinyutang.AnimationPrincipleDemo;
				PRODUCT_NAME = "$(TARGET_NAME)";
				SWIFT_VERSION = 4.0;
				TARGETED_DEVICE_FAMILY = "1,2";
			};
			name = Release;
		};
/* End XCBuildConfiguration section */

/* Begin XCConfigurationList section */
		438FDFD6203DA5C900F8D1EF /* Build configuration list for PBXProject "AnimationPrincipleDemo" */ = {
			isa = XCConfigurationList;
			buildConfigurations = (
				438FDFEB203DA5C900F8D1EF /* Debug */,
				438FDFEC203DA5C900F8D1EF /* Release */,
			);
			defaultConfigurationIsVisible = 0;
			defaultConfigurationName = Release;
		};
		438FDFED203DA5C900F8D1EF /* Build configuration list for PBXNativeTarget "AnimationPrincipleDemo" */ = {
			isa = XCConfigurationList;
			buildConfigurations = (
				438FDFEE203DA5C900F8D1EF /* Debug */,
				438FDFEF203DA5C900F8D1EF /* Release */,
			);
			defaultConfigurationIsVisible = 0;
			defaultConfigurationName = Release;
		};
/* End XCConfigurationList section */
	};
	rootObject = 438FDFD3203DA5C900F8D1EF /* Project object */;
}
